// !$*UTF8*$!
{
	archiveVersion = 1;
	classes = {
	};
	objectVersion = 50;
	objects = {

/* Begin PBXBuildFile section */
		3FA8033924F8020000BF6AEB /* AppDelegate.swift in Sources */ = {isa = PBXBuildFile; fileRef = 3FA8033824F8020000BF6AEB /* AppDelegate.swift */; };
		3FA8033B24F8020000BF6AEB /* SceneDelegate.swift in Sources */ = {isa = PBXBuildFile; fileRef = 3FA8033A24F8020000BF6AEB /* SceneDelegate.swift */; };
		3FA8034024F8020000BF6AEB /* Main.storyboard in Resources */ = {isa = PBXBuildFile; fileRef = 3FA8033E24F8020000BF6AEB /* Main.storyboard */; };
		3FA8034224F8020100BF6AEB /* Assets.xcassets in Resources */ = {isa = PBXBuildFile; fileRef = 3FA8034124F8020100BF6AEB /* Assets.xcassets */; };
		3FA8034524F8020100BF6AEB /* LaunchScreen.storyboard in Resources */ = {isa = PBXBuildFile; fileRef = 3FA8034324F8020100BF6AEB /* LaunchScreen.storyboard */; };
		3FA8034D24F8136500BF6AEB /* MasterTableViewController.swift in Sources */ = {isa = PBXBuildFile; fileRef = 3FA8034C24F8136500BF6AEB /* MasterTableViewController.swift */; };
		3FA8034F24F813C800BF6AEB /* DetailViewController.swift in Sources */ = {isa = PBXBuildFile; fileRef = 3FA8034E24F813C800BF6AEB /* DetailViewController.swift */; };
/* End PBXBuildFile section */

/* Begin PBXFileReference section */
		3FA8033524F8020000BF6AEB /* SplitViewCustomApp.app */ = {isa = PBXFileReference; explicitFileType = wrapper.application; includeInIndex = 0; path = SplitViewCustomApp.app; sourceTree = BUILT_PRODUCTS_DIR; };
		3FA8033824F8020000BF6AEB /* AppDelegate.swift */ = {isa = PBXFileReference; lastKnownFileType = sourcecode.swift; path = AppDelegate.swift; sourceTree = "<group>"; };
		3FA8033A24F8020000BF6AEB /* SceneDelegate.swift */ = {isa = PBXFileReference; lastKnownFileType = sourcecode.swift; path = SceneDelegate.swift; sourceTree = "<group>"; };
		3FA8033F24F8020000BF6AEB /* Base */ = {isa = PBXFileReference; lastKnownFileType = file.storyboard; name = Base; path = Base.lproj/Main.storyboard; sourceTree = "<group>"; };
		3FA8034124F8020100BF6AEB /* Assets.xcassets */ = {isa = PBXFileReference; lastKnownFileType = folder.assetcatalog; path = Assets.xcassets; sourceTree = "<group>"; };
		3FA8034424F8020100BF6AEB /* Base */ = {isa = PBXFileReference; lastKnownFileType = file.storyboard; name = Base; path = Base.lproj/LaunchScreen.storyboard; sourceTree = "<group>"; };
		3FA8034624F8020100BF6AEB /* Info.plist */ = {isa = PBXFileReference; lastKnownFileType = text.plist.xml; path = Info.plist; sourceTree = "<group>"; };
		3FA8034C24F8136500BF6AEB /* MasterTableViewController.swift */ = {isa = PBXFileReference; lastKnownFileType = sourcecode.swift; path = MasterTableViewController.swift; sourceTree = "<group>"; };
		3FA8034E24F813C800BF6AEB /* DetailViewController.swift */ = {isa = PBXFileReference; lastKnownFileType = sourcecode.swift; path = DetailViewController.swift; sourceTree = "<group>"; };
/* End PBXFileReference section */

/* Begin PBXFrameworksBuildPhase section */
		3FA8033224F8020000BF6AEB /* Frameworks */ = {
			isa = PBXFrameworksBuildPhase;
			buildActionMask = 2147483647;
			files = (
			);
			runOnlyForDeploymentPostprocessing = 0;
		};
/* End PBXFrameworksBuildPhase section */

/* Begin PBXGroup section */
		3FA8032C24F8020000BF6AEB = {
			isa = PBXGroup;
			children = (
				3FA8033724F8020000BF6AEB /* SplitViewCustomApp */,
				3FA8033624F8020000BF6AEB /* Products */,
			);
			sourceTree = "<group>";
		};
		3FA8033624F8020000BF6AEB /* Products */ = {
			isa = PBXGroup;
			children = (
				3FA8033524F8020000BF6AEB /* SplitViewCustomApp.app */,
			);
			name = Products;
			sourceTree = "<group>";
		};
		3FA8033724F8020000BF6AEB /* SplitViewCustomApp */ = {
			isa = PBXGroup;
			children = (
				3FA8033824F8020000BF6AEB /* AppDelegate.swift */,
				3FA8033A24F8020000BF6AEB /* SceneDelegate.swift */,
				3FA8033E24F8020000BF6AEB /* Main.storyboard */,
				3FA8034124F8020100BF6AEB /* Assets.xcassets */,
				3FA8034324F8020100BF6AEB /* LaunchScreen.storyboard */,
				3FA8034624F8020100BF6AEB /* Info.plist */,
				3FA8034C24F8136500BF6AEB /* MasterTableViewController.swift */,
				3FA8034E24F813C800BF6AEB /* DetailViewController.swift */,
			);
			path = SplitViewCustomApp;
			sourceTree = "<group>";
		};
/* End PBXGroup section */

/* Begin PBXNativeTarget section */
		3FA8033424F8020000BF6AEB /* SplitViewCustomApp */ = {
			isa = PBXNativeTarget;
			buildConfigurationList = 3FA8034924F8020100BF6AEB /* Build configuration list for PBXNativeTarget "SplitViewCustomApp" */;
			buildPhases = (
				3FA8033124F8020000BF6AEB /* Sources */,
				3FA8033224F8020000BF6AEB /* Frameworks */,
				3FA8033324F8020000BF6AEB /* Resources */,
			);
			buildRules = (
			);
			dependencies = (
			);
			name = SplitViewCustomApp;
			productName = SplitViewCustomApp;
			productReference = 3FA8033524F8020000BF6AEB /* SplitViewCustomApp.app */;
			productType = "com.apple.product-type.application";
		};
/* End PBXNativeTarget section */

/* Begin PBXProject section */
		3FA8032D24F8020000BF6AEB /* Project object */ = {
			isa = PBXProject;
			attributes = {
				LastSwiftUpdateCheck = 1160;
				LastUpgradeCheck = 1160;
				ORGANIZATIONNAME = TriosMac;
				TargetAttributes = {
					3FA8033424F8020000BF6AEB = {
						CreatedOnToolsVersion = 11.6;
					};
				};
			};
			buildConfigurationList = 3FA8033024F8020000BF6AEB /* Build configuration list for PBXProject "SplitViewCustomApp" */;
			compatibilityVersion = "Xcode 9.3";
			developmentRegion = en;
			hasScannedForEncodings = 0;
			knownRegions = (
				en,
				Base,
			);
			mainGroup = 3FA8032C24F8020000BF6AEB;
			productRefGroup = 3FA8033624F8020000BF6AEB /* Products */;
			projectDirPath = "";
			projectRoot = "";
			targets = (
				3FA8033424F8020000BF6AEB /* SplitViewCustomApp */,
			);
		};
/* End PBXProject section */

/* Begin PBXResourcesBuildPhase section */
		3FA8033324F8020000BF6AEB /* Resources */ = {
			isa = PBXResourcesBuildPhase;
			buildActionMask = 2147483647;
			files = (
				3FA8034524F8020100BF6AEB /* LaunchScreen.storyboard in Resources */,
				3FA8034224F8020100BF6AEB /* Assets.xcassets in Resources */,
				3FA8034024F8020000BF6AEB /* Main.storyboard in Resources */,
			);
			runOnlyForDeploymentPostprocessing = 0;
		};
/* End PBXResourcesBuildPhase section */

/* Begin PBXSourcesBuildPhase section */
		3FA8033124F8020000BF6AEB /* Sources */ = {
			isa = PBXSourcesBuildPhase;
			buildActionMask = 2147483647;
			files = (
				3FA8033924F8020000BF6AEB /* AppDelegate.swift in Sources */,
				3FA8034D24F8136500BF6AEB /* MasterTableViewController.swift in Sources */,
				3FA8033B24F8020000BF6AEB /* SceneDelegate.swift in Sources */,
				3FA8034F24F813C800BF6AEB /* DetailViewController.swift in Sources */,
			);
			runOnlyForDeploymentPostprocessing = 0;
		};
/* End PBXSourcesBuildPhase section */

/* Begin PBXVariantGroup section */
		3FA8033E24F8020000BF6AEB /* Main.storyboard */ = {
			isa = PBXVariantGroup;
			children = (
				3FA8033F24F8020000BF6AEB /* Base */,
			);
			name = Main.storyboard;
			sourceTree = "<group>";
		};
		3FA8034324F8020100BF6AEB /* LaunchScreen.storyboard */ = {
			isa = PBXVariantGroup;
			children = (
				3FA8034424F8020100BF6AEB /* Base */,
			);
			name = LaunchScreen.storyboard;
			sourceTree = "<group>";
		};
/* End PBXVariantGroup section */

/* Begin XCBuildConfiguration section */
		3FA8034724F8020100BF6AEB /* Debug */ = {
			isa = XCBuildConfiguration;
			buildSettings = {
				ALWAYS_SEARCH_USER_PATHS = NO;
				CLANG_ANALYZER_NONNULL = YES;
				CLANG_ANALYZER_NUMBER_OBJECT_CONVERSION = YES_AGGRESSIVE;
				CLANG_CXX_LANGUAGE_STANDARD = "gnu++14";
				CLANG_CXX_LIBRARY = "libc++";
				CLANG_ENABLE_MODULES = YES;
				CLANG_ENABLE_OBJC_ARC = YES;
				CLANG_ENABLE_OBJC_WEAK = YES;
				CLANG_WARN_BLOCK_CAPTURE_AUTORELEASING = YES;
				CLANG_WARN_BOOL_CONVERSION = YES;
				CLANG_WARN_COMMA = YES;
				CLANG_WARN_CONSTANT_CONVERSION = YES;
				CLANG_WARN_DEPRECATED_OBJC_IMPLEMENTATIONS = YES;
				CLANG_WARN_DIRECT_OBJC_ISA_USAGE = YES_ERROR;
				CLANG_WARN_DOCUMENTATION_COMMENTS = YES;
				CLANG_WARN_EMPTY_BODY = YES;
				CLANG_WARN_ENUM_CONVERSION = YES;
				CLANG_WARN_INFINITE_RECURSION = YES;
				CLANG_WARN_INT_CONVERSION = YES;
				CLANG_WARN_NON_LITERAL_NULL_CONVERSION = YES;
				CLANG_WARN_OBJC_IMPLICIT_RETAIN_SELF = YES;
				CLANG_WARN_OBJC_LITERAL_CONVERSION = YES;
				CLANG_WARN_OBJC_ROOT_CLASS = YES_ERROR;
				CLANG_WARN_RANGE_LOOP_ANALYSIS = YES;
				CLANG_WARN_STRICT_PROTOTYPES = YES;
				CLANG_WARN_SUSPICIOUS_MOVE = YES;
				CLANG_WARN_UNGUARDED_AVAILABILITY = YES_AGGRESSIVE;
				CLANG_WARN_UNREACHABLE_CODE = YES;
				CLANG_WARN__DUPLICATE_METHOD_MATCH = YES;
				COPY_PHASE_STRIP = NO;
				DEBUG_INFORMATION_FORMAT = dwarf;
				ENABLE_STRICT_OBJC_MSGSEND = YES;
				ENABLE_TESTABILITY = YES;
				GCC_C_LANGUAGE_STANDARD = gnu11;
				GCC_DYNAMIC_NO_PIC = NO;
				GCC_NO_COMMON_BLOCKS = YES;
				GCC_OPTIMIZATION_LEVEL = 0;
				GCC_PREPROCESSOR_DEFINITIONS = (
					"DEBUG=1",
					"$(inherited)",
				);
				GCC_WARN_64_TO_32_BIT_CONVERSION = YES;
				GCC_WARN_ABOUT_RETURN_TYPE = YES_ERROR;
				GCC_WARN_UNDECLARED_SELECTOR = YES;
				GCC_WARN_UNINITIALIZED_AUTOS = YES_AGGRESSIVE;
				GCC_WARN_UNUSED_FUNCTION = YES;
				GCC_WARN_UNUSED_VARIABLE = YES;
				IPHONEOS_DEPLOYMENT_TARGET = 13.6;
				MTL_ENABLE_DEBUG_INFO = INCLUDE_SOURCE;
				MTL_FAST_MATH = YES;
				ONLY_ACTIVE_ARCH = YES;
				SDKROOT = iphoneos;
				SWIFT_ACTIVE_COMPILATION_CONDITIONS = DEBUG;
				SWIFT_OPTIMIZATION_LEVEL = "-Onone";
			};
			name = Debug;
		};
		3FA8034824F8020100BF6AEB /* Release */ = {
			isa = XCBuildConfiguration;
			buildSettings = {
				ALWAYS_SEARCH_USER_PATHS = NO;
				CLANG_ANALYZER_NONNULL = YES;
				CLANG_ANALYZER_NUMBER_OBJECT_CONVERSION = YES_AGGRESSIVE;
				CLANG_CXX_LANGUAGE_STANDARD = "gnu++14";
				CLANG_CXX_LIBRARY = "libc++";
				CLANG_ENABLE_MODULES = YES;
				CLANG_ENABLE_OBJC_ARC = YES;
				CLANG_ENABLE_OBJC_WEAK = YES;
				CLANG_WARN_BLOCK_CAPTURE_AUTORELEASING = YES;
				CLANG_WARN_BOOL_CONVERSION = YES;
				CLANG_WARN_COMMA = YES;
				CLANG_WARN_CONSTANT_CONVERSION = YES;
				CLANG_WARN_DEPRECATED_OBJC_IMPLEMENTATIONS = YES;
				CLANG_WARN_DIRECT_OBJC_ISA_USAGE = YES_ERROR;
				CLANG_WARN_DOCUMENTATION_COMMENTS = YES;
				CLANG_WARN_EMPTY_BODY = YES;
				CLANG_WARN_ENUM_CONVERSION = YES;
				CLANG_WARN_INFINITE_RECURSION = YES;
				CLANG_WARN_INT_CONVERSION = YES;
				CLANG_WARN_NON_LITERAL_NULL_CONVERSION = YES;
				CLANG_WARN_OBJC_IMPLICIT_RETAIN_SELF = YES;
				CLANG_WARN_OBJC_LITERAL_CONVERSION = YES;
				CLANG_WARN_OBJC_ROOT_CLASS = YES_ERROR;
				CLANG_WARN_RANGE_LOOP_ANALYSIS = YES;
				CLANG_WARN_STRICT_PROTOTYPES = YES;
				CLANG_WARN_SUSPICIOUS_MOVE = YES;
				CLANG_WARN_UNGUARDED_AVAILABILITY = YES_AGGRESSIVE;
				CLANG_WARN_UNREACHABLE_CODE = YES;
				CLANG_WARN__DUPLICATE_METHOD_MATCH = YES;
				COPY_PHASE_STRIP = NO;
				DEBUG_INFORMATION_FORMAT = "dwarf-with-dsym";
				ENABLE_NS_ASSERTIONS = NO;
				ENABLE_STRICT_OBJC_MSGSEND = YES;
				GCC_C_LANGUAGE_STANDARD = gnu11;
				GCC_NO_COMMON_BLOCKS = YES;
				GCC_WARN_64_TO_32_BIT_CONVERSION = YES;
				GCC_WARN_ABOUT_RETURN_TYPE = YES_ERROR;
				GCC_WARN_UNDECLARED_SELECTOR = YES;
				GCC_WARN_UNINITIALIZED_AUTOS = YES_AGGRESSIVE;
				GCC_WARN_UNUSED_FUNCTION = YES;
				GCC_WARN_UNUSED_VARIABLE = YES;
				IPHONEOS_DEPLOYMENT_TARGET = 13.6;
				MTL_ENABLE_DEBUG_INFO = NO;
				MTL_FAST_MATH = YES;
				SDKROOT = iphoneos;
				SWIFT_COMPILATION_MODE = wholemodule;
				SWIFT_OPTIMIZATION_LEVEL = "-O";
				VALIDATE_PRODUCT = YES;
			};
			name = Release;
		};
		3FA8034A24F8020100BF6AEB /* Debug */ = {
			isa = XCBuildConfiguration;
			buildSettings = {
				ASSETCATALOG_COMPILER_APPICON_NAME = AppIcon;
				CODE_SIGN_STYLE = Automatic;
				DEVELOPMENT_TEAM = R8QL6NYD39;
				INFOPLIST_FILE = SplitViewCustomApp/Info.plist;
				LD_RUNPATH_SEARCH_PATHS = (
					"$(inherited)",
					"@executable_path/Frameworks",
				);
				PRODUCT_BUNDLE_IDENTIFIER = "com-.trios.SplitViewCustomApp";
				PRODUCT_NAME = "$(TARGET_NAME)";
				SWIFT_VERSION = 5.0;
				TARGETED_DEVICE_FAMILY = "1,2";
			};
			name = Debug;
		};
		3FA8034B24F8020100BF6AEB /* Release */ = {
			isa = XCBuildConfiguration;
			buildSettings = {
				ASSETCATALOG_COMPILER_APPICON_NAME = AppIcon;
				CODE_SIGN_STYLE = Automatic;
				DEVELOPMENT_TEAM = R8QL6NYD39;
				INFOPLIST_FILE = SplitViewCustomApp/Info.plist;
				LD_RUNPATH_SEARCH_PATHS = (
					"$(inherited)",
					"@executable_path/Frameworks",
				);
				PRODUCT_BUNDLE_IDENTIFIER = "com-.trios.SplitViewCustomApp";
				PRODUCT_NAME = "$(TARGET_NAME)";
				SWIFT_VERSION = 5.0;
				TARGETED_DEVICE_FAMILY = "1,2";
			};
			name = Release;
		};
/* End XCBuildConfiguration section */

/* Begin XCConfigurationList section */
		3FA8033024F8020000BF6AEB /* Build configuration list for PBXProject "SplitViewCustomApp" */ = {
			isa = XCConfigurationList;
			buildConfigurations = (
				3FA8034724F8020100BF6AEB /* Debug */,
				3FA8034824F8020100BF6AEB /* Release */,
			);
			defaultConfigurationIsVisible = 0;
			defaultConfigurationName = Release;
		};
		3FA8034924F8020100BF6AEB /* Build configuration list for PBXNativeTarget "SplitViewCustomApp" */ = {
			isa = XCConfigurationList;
			buildConfigurations = (
				3FA8034A24F8020100BF6AEB /* Debug */,
				3FA8034B24F8020100BF6AEB /* Release */,
			);
			defaultConfigurationIsVisible = 0;
			defaultConfigurationName = Release;
		};
/* End XCConfigurationList section */
	};
	rootObject = 3FA8032D24F8020000BF6AEB /* Project object */;
}
